{
  "version": "4",
  "remote": {
    "https://raw.githubusercontent.com/Maxim-Mazurok/sax-ts/refs/tags/v1.2.13/src/sax.ts": "1758f97d9184c722aec4c2cf35c9571f4ccfab6fc0d4d6376920e14eef37d995",
    "https://raw.githubusercontent.com/MikaelPorttila/rss/refs/tags/1.0.3/deps.ts": "24c068a645f2af4e56c2fac530254446ce357b03e994a4dff9826820c09e00fd",
    "https://raw.githubusercontent.com/MikaelPorttila/rss/refs/tags/1.0.3/mod.ts": "122921a892de67c9d1efdd1321d653f8399f9eb91222c6e4bf90f797412805f2",
    "https://raw.githubusercontent.com/MikaelPorttila/rss/refs/tags/1.0.3/src/deserializer.ts": "85d5998480ca63bb79005d4c6d28dc4ae7dbc19055a7013424ce37761af27f1e",
    "https://raw.githubusercontent.com/MikaelPorttila/rss/refs/tags/1.0.3/src/mappers/mapper.ts": "27468a74d1af22fa5f357b26a3f3a694df4103f3cf992619c4835f827560e2f4",
    "https://raw.githubusercontent.com/MikaelPorttila/rss/refs/tags/1.0.3/src/mappers/media_mapper.ts": "166774136b135a7b2b350ee39ea126e7fbc17b86c3fafcc2833b73b879448bfc",
    "https://raw.githubusercontent.com/MikaelPorttila/rss/refs/tags/1.0.3/src/resolvers/atom_resolver.ts": "c242c48986bd54ba9d6b6135f93c796560670d428d128ec2bdd692f64ab35af6",
    "https://raw.githubusercontent.com/MikaelPorttila/rss/refs/tags/1.0.3/src/resolvers/dublin_core_resolver.ts": "7197feb6e8be78de7c40baa9dcf7e50624fcff0365e055598a7e0dd0cc6f6277",
    "https://raw.githubusercontent.com/MikaelPorttila/rss/refs/tags/1.0.3/src/resolvers/media_rss_resolver.ts": "552068b56419074723037776c23b1d9289d85d73e976f291eb3c9714a284a542",
    "https://raw.githubusercontent.com/MikaelPorttila/rss/refs/tags/1.0.3/src/resolvers/rss1_resolver.ts": "041f5aecaf457db698e0df423536d5f5818b7ba1d4e806cd12c62ec9f57c48e5",
    "https://raw.githubusercontent.com/MikaelPorttila/rss/refs/tags/1.0.3/src/resolvers/rss2_resolver.ts": "c5ce158ee16d6c325b0000b054d3c067b58b69b779d141c27fba87c2fe475649",
    "https://raw.githubusercontent.com/MikaelPorttila/rss/refs/tags/1.0.3/src/resolvers/slash_resolver.ts": "542c5b98fdb63df3558d569d1f05ec98cd8b5b671237b77294e752fa202e3302",
    "https://raw.githubusercontent.com/MikaelPorttila/rss/refs/tags/1.0.3/src/types/feed_type.ts": "b2098f23982be344a19f00915437550d1e4002fb653ac9e34455a90119ee4e6c",
    "https://raw.githubusercontent.com/MikaelPorttila/rss/refs/tags/1.0.3/src/types/fields/atom_fields.ts": "85bf1a4b3e917baa3c94f3fba8283b678d5a10e78a16c42cfa19b2ee0bf210b3",
    "https://raw.githubusercontent.com/MikaelPorttila/rss/refs/tags/1.0.3/src/types/fields/dublin_core_fields.ts": "fd6b7e5b660a4f99cabb7a62ae91ab48579de340e57c8dd7ad62c992e64c1644",
    "https://raw.githubusercontent.com/MikaelPorttila/rss/refs/tags/1.0.3/src/types/fields/media_rss_fields.ts": "076b1e23b6ca99002ffb13e5859164acdf45617aea90440acc75fb28f3aa00b4",
    "https://raw.githubusercontent.com/MikaelPorttila/rss/refs/tags/1.0.3/src/types/fields/rss1_fields.ts": "04da9ca7d3fe2b59626c6b3bd18bfd41bf1b1531bc33f2d4f420f10da4e84f7e",
    "https://raw.githubusercontent.com/MikaelPorttila/rss/refs/tags/1.0.3/src/types/fields/rss2_fields.ts": "c5041472e42cdf04e9f6b2e6e2e334b016aff40524c9a4a4f2c3a5875f9508ea",
    "https://raw.githubusercontent.com/MikaelPorttila/rss/refs/tags/1.0.3/src/types/fields/slash_fields.ts": "11a1cf81744fe3b2bddbcf3a3ce6f86406d250198ef8c41e6fa58dd652e2e466",
    "https://raw.githubusercontent.com/MikaelPorttila/rss/refs/tags/1.0.3/src/types/internal/internal_dublin_core.ts": "8b25fd4e4d296068c78da9dafb5af43cf58e2202d236a636068395722119309a",
    "https://raw.githubusercontent.com/MikaelPorttila/rss/refs/tags/1.0.3/src/types/slash.ts": "2683b96e783146bb5b63ad487702be35f2d721129851aa09caa2ec73a4027a25",
    "https://raw.githubusercontent.com/MikaelPorttila/rss/refs/tags/1.0.3/src/util.ts": "a6611bcea8acf000eb01220092f1bea6c18aaf3ad82578c60563f25f6260c080",
    "https://raw.githubusercontent.com/denoland/std/refs/tags/release-2025.03.04/async/debounce.ts": "24a39a6cd67584083e6db114ae515798bf16d1f6f89d32e4e80961b37f816790",
    "https://raw.githubusercontent.com/jgm/djot.js/@djot/djot@0.3.2/src/ast.ts": "d80ce714dbb893b2941a518c52e33a0b08140746084c8ccd672fcdd23efe66f0",
    "https://raw.githubusercontent.com/jgm/djot.js/@djot/djot@0.3.2/src/attributes.ts": "fc1915de57094827f3960a1b62ab482d5518c6a32def0fb2c955d043d5f80aca",
    "https://raw.githubusercontent.com/jgm/djot.js/@djot/djot@0.3.2/src/block.ts": "eda463c2a8776a86f8c774ec4bd6f49aa85864128dcecaf72fe8b8b6cb4193b9",
    "https://raw.githubusercontent.com/jgm/djot.js/@djot/djot@0.3.2/src/event.ts": "4488ca5bd8561d703112a5d15630a78876326c044b042e2cfbcdc39adf45958f",
    "https://raw.githubusercontent.com/jgm/djot.js/@djot/djot@0.3.2/src/find.ts": "229c8d3eb1dee576cf95a3fdd0681fb3b67c1c7b4401fad08bc1681ac1b2cfba",
    "https://raw.githubusercontent.com/jgm/djot.js/@djot/djot@0.3.2/src/html.ts": "933d8bf70a5f8826a050b86b892e4c06b85541dd5888ab7953c791c5640251fc",
    "https://raw.githubusercontent.com/jgm/djot.js/@djot/djot@0.3.2/src/inline.ts": "b2fe7bca0328e292365821035951c1ce69891892058172d3274d87498a769c69",
    "https://raw.githubusercontent.com/jgm/djot.js/@djot/djot@0.3.2/src/options.ts": "4c503335519b98bd624753618727b5050b4df2aed1fb11ae56bfc20b735da598",
    "https://raw.githubusercontent.com/jgm/djot.js/@djot/djot@0.3.2/src/parse.ts": "1f3969eb211c322787035954c22d66ed68bd113445f8b13a52e6ead69d306df9",
    "https://unpkg.com/@highlightjs/cdn-assets@11.6.0/es/highlight.min.js": "495e398cc92417822a668cbe520df26a97cd0610b257ab9f18527181ee7de26f",
    "https://unpkg.com/@highlightjs/cdn-assets@11.6.0/es/languages/latex.min.js": "25481e88e76264cb60af3e05100da8949dbeb7acc5a37575be954b64e5e39d84",
    "https://unpkg.com/@highlightjs/cdn-assets@11.6.0/es/languages/nix.min.js": "05f8036eff30127626bd9b15eac961ce417addf076816b93ddd09b567c6d0b02",
    "https://unpkg.com/@highlightjs/cdn-assets@11.6.0/es/languages/x86asm.min.js": "620cbc48d2c1e33bf59dc23556dd2dfc2b5aa8b09d7b462dc5fdb4d25d6756cb"
  }
}
