{
  "version": "2",
  "remote": {
    "https://deno.land/std@0.161.0/_util/assert.ts": "e94f2eb37cebd7f199952e242c77654e43333c1ac4c5c700e929ea3aa5489f74",
    "https://deno.land/std@0.161.0/_util/os.ts": "8a33345f74990e627b9dfe2de9b040004b08ea5146c7c9e8fe9a29070d193934",
    "https://deno.land/std@0.161.0/async/abortable.ts": "87aa7230be8360c24ad437212311c9e8d4328854baec27b4c7abb26e85515c06",
    "https://deno.land/std@0.161.0/async/deadline.ts": "48ac998d7564969f3e6ec6b6f9bf0217ebd00239b1b2292feba61272d5dd58d0",
    "https://deno.land/std@0.161.0/async/debounce.ts": "dc8b92d4a4fe7eac32c924f2b8d3e62112530db70cadce27042689d82970b350",
    "https://deno.land/std@0.161.0/async/deferred.ts": "d8fb253ffde2a056e4889ef7e90f3928f28be9f9294b6505773d33f136aab4e6",
    "https://deno.land/std@0.161.0/async/delay.ts": "0419dfc993752849692d1f9647edf13407c7facc3509b099381be99ffbc9d699",
    "https://deno.land/std@0.161.0/async/mod.ts": "dd0a8ed4f3984ffabe2fcca7c9f466b7932d57b1864ffee148a5d5388316db6b",
    "https://deno.land/std@0.161.0/async/mux_async_iterator.ts": "3447b28a2a582224a3d4d3596bccbba6e85040da3b97ed64012f7decce98d093",
    "https://deno.land/std@0.161.0/async/pool.ts": "ef9eb97b388543acbf0ac32647121e4dbe629236899586c4d4311a8770fbb239",
    "https://deno.land/std@0.161.0/async/tee.ts": "9af3a3e7612af75861308b52249e167f5ebc3dcfc8a1a4d45462d96606ee2b70",
    "https://deno.land/std@0.161.0/fs/_util.ts": "fdc156f897197f261a1c096dcf8ff9267ed0ff42bd5b31f55053a4763a4bae3b",
    "https://deno.land/std@0.161.0/fs/copy.ts": "73bdf24f4322648d9bc38ef983b818637ba368351d17aa03644209d3ce3eac31",
    "https://deno.land/std@0.161.0/fs/empty_dir.ts": "c15a0aaaf40f8c21cca902aa1e01a789ad0c2fd1b7e2eecf4957053c5dbf707f",
    "https://deno.land/std@0.161.0/fs/ensure_dir.ts": "76395fc1c989ca8d2de3aedfa8240eb8f5225cde20f926de957995b063135b80",
    "https://deno.land/std@0.161.0/fs/ensure_file.ts": "b8e32ea63aa21221d0219760ba3f741f682d7f7d68d0d24a3ec067c338568152",
    "https://deno.land/std@0.161.0/fs/ensure_link.ts": "5cc1c04f18487d7d1edf4c5469705f30b61390ffd24ad7db6df85e7209b32bb2",
    "https://deno.land/std@0.161.0/fs/ensure_symlink.ts": "5273557b8c50be69477aa9cb003b54ff2240a336db52a40851c97abce76b96ab",
    "https://deno.land/std@0.161.0/fs/eol.ts": "65b1e27320c3eec6fb653b27e20056ee3d015d3e91db388cfefa41616ebc7cb3",
    "https://deno.land/std@0.161.0/fs/exists.ts": "6a447912e49eb79cc640adacfbf4b0baf8e17ede6d5bed057062ce33c4fa0d68",
    "https://deno.land/std@0.161.0/fs/expand_glob.ts": "d3f62aefc7718d878904d60d91e8e6dbbf86c696d32b6cbbc333637acf7f8571",
    "https://deno.land/std@0.161.0/fs/mod.ts": "354a6f972ef4e00c4dd1f1339a8828ef0764c1c23d3c0010af3fcc025d8655b0",
    "https://deno.land/std@0.161.0/fs/move.ts": "6d7fa9da60dbc7a32dd7fdbc2ff812b745861213c8e92ba96dace0669b0c378c",
    "https://deno.land/std@0.161.0/fs/walk.ts": "d96d4e5b6a3552e8304f28a0fd0b317b812298298449044f8de4932c869388a5",
    "https://deno.land/std@0.161.0/path/_constants.ts": "df1db3ffa6dd6d1252cc9617e5d72165cd2483df90e93833e13580687b6083c3",
    "https://deno.land/std@0.161.0/path/_interface.ts": "ee3b431a336b80cf445441109d089b70d87d5e248f4f90ff906820889ecf8d09",
    "https://deno.land/std@0.161.0/path/_util.ts": "d16be2a16e1204b65f9d0dfc54a9bc472cafe5f4a190b3c8471ec2016ccd1677",
    "https://deno.land/std@0.161.0/path/common.ts": "bee563630abd2d97f99d83c96c2fa0cca7cee103e8cb4e7699ec4d5db7bd2633",
    "https://deno.land/std@0.161.0/path/glob.ts": "cb5255638de1048973c3e69e420c77dc04f75755524cb3b2e160fe9277d939ee",
    "https://deno.land/std@0.161.0/path/mod.ts": "56fec03ad0ebd61b6ab39ddb9b0ddb4c4a5c9f2f4f632e09dd37ec9ebfd722ac",
    "https://deno.land/std@0.161.0/path/posix.ts": "6b63de7097e68c8663c84ccedc0fd977656eb134432d818ecd3a4e122638ac24",
    "https://deno.land/std@0.161.0/path/separator.ts": "fe1816cb765a8068afb3e8f13ad272351c85cbc739af56dacfc7d93d710fe0f9",
    "https://deno.land/std@0.161.0/path/win32.ts": "ee8826dce087d31c5c81cd414714e677eb68febc40308de87a2ce4b40e10fb8d",
    "https://raw.githubusercontent.com/jgm/djot.js/0.2.0/src/ast.ts": "9f4dfd9407567747bd470263490a41f58403427120b0fb0b89842c9c20011940",
    "https://raw.githubusercontent.com/jgm/djot.js/0.2.0/src/attributes.ts": "197bce39282dbde772634b3a68c5e8521c845886eb5e7dd9512a4f4c7acd30a7",
    "https://raw.githubusercontent.com/jgm/djot.js/0.2.0/src/block.ts": "57ec0da93faf2c1e066d59a8635d9a2977acd0c02e08e950558f57379d2b6b4d",
    "https://raw.githubusercontent.com/jgm/djot.js/0.2.0/src/djot-renderer.ts": "cff453ae51a6aa5f561009d88ecd6e0d2b7b16dc86267c59fa1833a79f0bf24e",
    "https://raw.githubusercontent.com/jgm/djot.js/0.2.0/src/event.ts": "4488ca5bd8561d703112a5d15630a78876326c044b042e2cfbcdc39adf45958f",
    "https://raw.githubusercontent.com/jgm/djot.js/0.2.0/src/filter.ts": "2b0d0b1468210bd92ac5e34cf0e9ec516a8225d450dd08daf6c4a2cc3bc86d03",
    "https://raw.githubusercontent.com/jgm/djot.js/0.2.0/src/find.ts": "03f1b8d92146ffbb195a4187e479ef5d169af6ff8a73c6adff72ef5201dc6a0f",
    "https://raw.githubusercontent.com/jgm/djot.js/0.2.0/src/html.ts": "5b06a97b5b4d7a03e0c0d18d8368a541846ea51e411b47cd209dc67866e7045f",
    "https://raw.githubusercontent.com/jgm/djot.js/0.2.0/src/index.ts": "0ffbe29a8cc9279b049dee30b3903a1b642ede4d3aba22518b1af743c32ec6b8",
    "https://raw.githubusercontent.com/jgm/djot.js/0.2.0/src/inline.ts": "623befc77134511ae81dfca2a5dc1f46eb093532d92554e06b20e29940de6c76",
    "https://raw.githubusercontent.com/jgm/djot.js/0.2.0/src/options.ts": "4c503335519b98bd624753618727b5050b4df2aed1fb11ae56bfc20b735da598",
    "https://raw.githubusercontent.com/jgm/djot.js/0.2.0/src/pandoc.ts": "9caaccc51ec907ad70f1708bdcea32d7ffbd15c5f93c4c947d39b8f6d7ace97d",
    "https://raw.githubusercontent.com/jgm/djot.js/0.2.0/src/parse.ts": "44fadcb3dd6c7547d3c053b228ac116653bffb4748be3a800baeb07ee6353355",
    "https://unpkg.com/@highlightjs/cdn-assets@11.6.0/es/highlight.min.js": "495e398cc92417822a668cbe520df26a97cd0610b257ab9f18527181ee7de26f",
    "https://unpkg.com/@highlightjs/cdn-assets@11.6.0/es/languages/latex.min.js": "25481e88e76264cb60af3e05100da8949dbeb7acc5a37575be954b64e5e39d84",
    "https://unpkg.com/@highlightjs/cdn-assets@11.6.0/es/languages/nix.min.js": "05f8036eff30127626bd9b15eac961ce417addf076816b93ddd09b567c6d0b02",
    "https://unpkg.com/@highlightjs/cdn-assets@11.6.0/es/languages/x86asm.min.js": "620cbc48d2c1e33bf59dc23556dd2dfc2b5aa8b09d7b462dc5fdb4d25d6756cb"
  }
}
